
Microsoft Visual Studio Solution File, Format Version 12.00
# Visual Studio 14
VisualStudioVersion = 14.0.25420.1
MinimumVisualStudioVersion = 10.0.40219.1
Project("{8BC9CEB8-8B4A-11D0-8D11-00A0C91BC942}") = "DistanciaEntrePontos", "DistanciaEntrePontos\DistanciaEntrePontos.vcxproj", "{CB64CC7A-0AE3-444F-A1B7-DB68D6D0F0A5}"
EndProject
Project("{8BC9CEB8-8B4A-11D0-8D11-00A0C91BC942}") = "CalculaExpressaoComTresInteirosPositivos", "CalculaExpressaoComTresInteirosPositivos\CalculaExpressaoComTresInteirosPositivos.vcxproj", "{096723D6-534B-40FB-BDF2-F181A80D85DF}"
EndProject
Project("{8BC9CEB8-8B4A-11D0-8D11-00A0C91BC942}") = "IdadeDiasParaAnosMesesDias", "IdadeDiasParaAnosMesesDias\IdadeDiasParaAnosMesesDias.vcxproj", "{EFD7866C-D317-4689-B13F-2818DDCAE95A}"
EndProject
Project("{8BC9CEB8-8B4A-11D0-8D11-00A0C91BC942}") = "MediaPonderadaNotas", "MediaPonderadaNotas\MediaPonderadaNotas.vcxproj", "{52501C93-A558-44ED-BD52-29E271DA53CA}"
EndProject
Project("{8BC9CEB8-8B4A-11D0-8D11-00A0C91BC942}") = "PrecoAutomovelParaConsumidor.cs", "PrecoAutomovelParaConsumidor.cs\PrecoAutomovelParaConsumidor.cs.vcxproj", "{5D567451-88D8-43F1-BD8C-401B0B1D2D8A}"
EndProject
Global
	GlobalSection(SolutionConfigurationPlatforms) = preSolution
		Debug|x64 = Debug|x64
		Debug|x86 = Debug|x86
		Release|x64 = Release|x64
		Release|x86 = Release|x86
	EndGlobalSection
	GlobalSection(ProjectConfigurationPlatforms) = postSolution
		{CB64CC7A-0AE3-444F-A1B7-DB68D6D0F0A5}.Debug|x64.ActiveCfg = Debug|x64
		{CB64CC7A-0AE3-444F-A1B7-DB68D6D0F0A5}.Debug|x64.Build.0 = Debug|x64
		{CB64CC7A-0AE3-444F-A1B7-DB68D6D0F0A5}.Debug|x86.ActiveCfg = Debug|Win32
		{CB64CC7A-0AE3-444F-A1B7-DB68D6D0F0A5}.Debug|x86.Build.0 = Debug|Win32
		{CB64CC7A-0AE3-444F-A1B7-DB68D6D0F0A5}.Release|x64.ActiveCfg = Release|x64
		{CB64CC7A-0AE3-444F-A1B7-DB68D6D0F0A5}.Release|x64.Build.0 = Release|x64
		{CB64CC7A-0AE3-444F-A1B7-DB68D6D0F0A5}.Release|x86.ActiveCfg = Release|Win32
		{CB64CC7A-0AE3-444F-A1B7-DB68D6D0F0A5}.Release|x86.Build.0 = Release|Win32
		{096723D6-534B-40FB-BDF2-F181A80D85DF}.Debug|x64.ActiveCfg = Debug|x64
		{096723D6-534B-40FB-BDF2-F181A80D85DF}.Debug|x64.Build.0 = Debug|x64
		{096723D6-534B-40FB-BDF2-F181A80D85DF}.Debug|x86.ActiveCfg = Debug|Win32
		{096723D6-534B-40FB-BDF2-F181A80D85DF}.Debug|x86.Build.0 = Debug|Win32
		{096723D6-534B-40FB-BDF2-F181A80D85DF}.Release|x64.ActiveCfg = Release|x64
		{096723D6-534B-40FB-BDF2-F181A80D85DF}.Release|x64.Build.0 = Release|x64
		{096723D6-534B-40FB-BDF2-F181A80D85DF}.Release|x86.ActiveCfg = Release|Win32
		{096723D6-534B-40FB-BDF2-F181A80D85DF}.Release|x86.Build.0 = Release|Win32
		{EFD7866C-D317-4689-B13F-2818DDCAE95A}.Debug|x64.ActiveCfg = Debug|x64
		{EFD7866C-D317-4689-B13F-2818DDCAE95A}.Debug|x64.Build.0 = Debug|x64
		{EFD7866C-D317-4689-B13F-2818DDCAE95A}.Debug|x86.ActiveCfg = Debug|Win32
		{EFD7866C-D317-4689-B13F-2818DDCAE95A}.Debug|x86.Build.0 = Debug|Win32
		{EFD7866C-D317-4689-B13F-2818DDCAE95A}.Release|x64.ActiveCfg = Release|x64
		{EFD7866C-D317-4689-B13F-2818DDCAE95A}.Release|x64.Build.0 = Release|x64
		{EFD7866C-D317-4689-B13F-2818DDCAE95A}.Release|x86.ActiveCfg = Release|Win32
		{EFD7866C-D317-4689-B13F-2818DDCAE95A}.Release|x86.Build.0 = Release|Win32
		{52501C93-A558-44ED-BD52-29E271DA53CA}.Debug|x64.ActiveCfg = Debug|x64
		{52501C93-A558-44ED-BD52-29E271DA53CA}.Debug|x64.Build.0 = Debug|x64
		{52501C93-A558-44ED-BD52-29E271DA53CA}.Debug|x86.ActiveCfg = Debug|Win32
		{52501C93-A558-44ED-BD52-29E271DA53CA}.Debug|x86.Build.0 = Debug|Win32
		{52501C93-A558-44ED-BD52-29E271DA53CA}.Release|x64.ActiveCfg = Release|x64
		{52501C93-A558-44ED-BD52-29E271DA53CA}.Release|x64.Build.0 = Release|x64
		{52501C93-A558-44ED-BD52-29E271DA53CA}.Release|x86.ActiveCfg = Release|Win32
		{52501C93-A558-44ED-BD52-29E271DA53CA}.Release|x86.Build.0 = Release|Win32
		{5D567451-88D8-43F1-BD8C-401B0B1D2D8A}.Debug|x64.ActiveCfg = Debug|x64
		{5D567451-88D8-43F1-BD8C-401B0B1D2D8A}.Debug|x64.Build.0 = Debug|x64
		{5D567451-88D8-43F1-BD8C-401B0B1D2D8A}.Debug|x86.ActiveCfg = Debug|Win32
		{5D567451-88D8-43F1-BD8C-401B0B1D2D8A}.Debug|x86.Build.0 = Debug|Win32
		{5D567451-88D8-43F1-BD8C-401B0B1D2D8A}.Release|x64.ActiveCfg = Release|x64
		{5D567451-88D8-43F1-BD8C-401B0B1D2D8A}.Release|x64.Build.0 = Release|x64
		{5D567451-88D8-43F1-BD8C-401B0B1D2D8A}.Release|x86.ActiveCfg = Release|Win32
		{5D567451-88D8-43F1-BD8C-401B0B1D2D8A}.Release|x86.Build.0 = Release|Win32
	EndGlobalSection
	GlobalSection(SolutionProperties) = preSolution
		HideSolutionNode = FALSE
	EndGlobalSection
EndGlobal
